// !$*UTF8*$!
{
	archiveVersion = 1;
	classes = {
	};
	objectVersion = 56;
	objects = {

/* Begin PBXBuildFile section */
		651F82462B1F58C600A71F15 /* app Watch App.app in Embed Watch Content */ = {isa = PBXBuildFile; fileRef = 651F82452B1F58C600A71F15 /* app Watch App.app */; settings = {ATTRIBUTES = (RemoveHeadersOnCopy, ); }; };
		651F824B2B1F58C600A71F15 /* appApp.swift in Sources */ = {isa = PBXBuildFile; fileRef = 651F824A2B1F58C600A71F15 /* appApp.swift */; };
		651F824D2B1F58C600A71F15 /* ContentView.swift in Sources */ = {isa = PBXBuildFile; fileRef = 651F824C2B1F58C600A71F15 /* ContentView.swift */; };
		651F824F2B1F58C900A71F15 /* Assets.xcassets in Resources */ = {isa = PBXBuildFile; fileRef = 651F824E2B1F58C900A71F15 /* Assets.xcassets */; };
		651F82522B1F58C900A71F15 /* Preview Assets.xcassets in Resources */ = {isa = PBXBuildFile; fileRef = 651F82512B1F58C900A71F15 /* Preview Assets.xcassets */; };
		651F825C2B1F58C900A71F15 /* app_Watch_AppTests.swift in Sources */ = {isa = PBXBuildFile; fileRef = 651F825B2B1F58C900A71F15 /* app_Watch_AppTests.swift */; };
		651F82662B1F58C900A71F15 /* app_Watch_AppUITests.swift in Sources */ = {isa = PBXBuildFile; fileRef = 651F82652B1F58C900A71F15 /* app_Watch_AppUITests.swift */; };
		651F82682B1F58C900A71F15 /* app_Watch_AppUITestsLaunchTests.swift in Sources */ = {isa = PBXBuildFile; fileRef = 651F82672B1F58C900A71F15 /* app_Watch_AppUITestsLaunchTests.swift */; };
/* End PBXBuildFile section */

/* Begin PBXContainerItemProxy section */
		651F82472B1F58C600A71F15 /* PBXContainerItemProxy */ = {
			isa = PBXContainerItemProxy;
			containerPortal = 651F82392B1F58C500A71F15 /* Project object */;
			proxyType = 1;
			remoteGlobalIDString = 651F82442B1F58C600A71F15;
			remoteInfo = "app Watch App";
		};
		651F82582B1F58C900A71F15 /* PBXContainerItemProxy */ = {
			isa = PBXContainerItemProxy;
			containerPortal = 651F82392B1F58C500A71F15 /* Project object */;
			proxyType = 1;
			remoteGlobalIDString = 651F82442B1F58C600A71F15;
			remoteInfo = "app Watch App";
		};
		651F82622B1F58C900A71F15 /* PBXContainerItemProxy */ = {
			isa = PBXContainerItemProxy;
			containerPortal = 651F82392B1F58C500A71F15 /* Project object */;
			proxyType = 1;
			remoteGlobalIDString = 651F82442B1F58C600A71F15;
			remoteInfo = "app Watch App";
		};
/* End PBXContainerItemProxy section */

/* Begin PBXCopyFilesBuildPhase section */
		651F826E2B1F58C900A71F15 /* Embed Watch Content */ = {
			isa = PBXCopyFilesBuildPhase;
			buildActionMask = 2147483647;
			dstPath = "$(CONTENTS_FOLDER_PATH)/Watch";
			dstSubfolderSpec = 16;
			files = (
				651F82462B1F58C600A71F15 /* app Watch App.app in Embed Watch Content */,
			);
			name = "Embed Watch Content";
			runOnlyForDeploymentPostprocessing = 0;
		};
/* End PBXCopyFilesBuildPhase section */

/* Begin PBXFileReference section */
		651F823F2B1F58C600A71F15 /* app.app */ = {isa = PBXFileReference; explicitFileType = wrapper.application; includeInIndex = 0; path = app.app; sourceTree = BUILT_PRODUCTS_DIR; };
		651F82452B1F58C600A71F15 /* app Watch App.app */ = {isa = PBXFileReference; explicitFileType = wrapper.application; includeInIndex = 0; path = "app Watch App.app"; sourceTree = BUILT_PRODUCTS_DIR; };
		651F824A2B1F58C600A71F15 /* appApp.swift */ = {isa = PBXFileReference; lastKnownFileType = sourcecode.swift; path = appApp.swift; sourceTree = "<group>"; };
		651F824C2B1F58C600A71F15 /* ContentView.swift */ = {isa = PBXFileReference; lastKnownFileType = sourcecode.swift; path = ContentView.swift; sourceTree = "<group>"; };
		651F824E2B1F58C900A71F15 /* Assets.xcassets */ = {isa = PBXFileReference; lastKnownFileType = folder.assetcatalog; path = Assets.xcassets; sourceTree = "<group>"; };
		651F82512B1F58C900A71F15 /* Preview Assets.xcassets */ = {isa = PBXFileReference; lastKnownFileType = folder.assetcatalog; path = "Preview Assets.xcassets"; sourceTree = "<group>"; };
		651F82572B1F58C900A71F15 /* app Watch AppTests.xctest */ = {isa = PBXFileReference; explicitFileType = wrapper.cfbundle; includeInIndex = 0; path = "app Watch AppTests.xctest"; sourceTree = BUILT_PRODUCTS_DIR; };
		651F825B2B1F58C900A71F15 /* app_Watch_AppTests.swift */ = {isa = PBXFileReference; lastKnownFileType = sourcecode.swift; path = app_Watch_AppTests.swift; sourceTree = "<group>"; };
		651F82612B1F58C900A71F15 /* app Watch AppUITests.xctest */ = {isa = PBXFileReference; explicitFileType = wrapper.cfbundle; includeInIndex = 0; path = "app Watch AppUITests.xctest"; sourceTree = BUILT_PRODUCTS_DIR; };
		651F82652B1F58C900A71F15 /* app_Watch_AppUITests.swift */ = {isa = PBXFileReference; lastKnownFileType = sourcecode.swift; path = app_Watch_AppUITests.swift; sourceTree = "<group>"; };
		651F82672B1F58C900A71F15 /* app_Watch_AppUITestsLaunchTests.swift */ = {isa = PBXFileReference; lastKnownFileType = sourcecode.swift; path = app_Watch_AppUITestsLaunchTests.swift; sourceTree = "<group>"; };
/* End PBXFileReference section */

/* Begin PBXFrameworksBuildPhase section */
		651F82422B1F58C600A71F15 /* Frameworks */ = {
			isa = PBXFrameworksBuildPhase;
			buildActionMask = 2147483647;
			files = (
			);
			runOnlyForDeploymentPostprocessing = 0;
		};
		651F82542B1F58C900A71F15 /* Frameworks */ = {
			isa = PBXFrameworksBuildPhase;
			buildActionMask = 2147483647;
			files = (
			);
			runOnlyForDeploymentPostprocessing = 0;
		};
		651F825E2B1F58C900A71F15 /* Frameworks */ = {
			isa = PBXFrameworksBuildPhase;
			buildActionMask = 2147483647;
			files = (
			);
			runOnlyForDeploymentPostprocessing = 0;
		};
/* End PBXFrameworksBuildPhase section */

/* Begin PBXGroup section */
		651F82382B1F58C500A71F15 = {
			isa = PBXGroup;
			children = (
				651F82492B1F58C600A71F15 /* app Watch App */,
				651F825A2B1F58C900A71F15 /* app Watch AppTests */,
				651F82642B1F58C900A71F15 /* app Watch AppUITests */,
				651F82402B1F58C600A71F15 /* Products */,
			);
			sourceTree = "<group>";
		};
		651F82402B1F58C600A71F15 /* Products */ = {
			isa = PBXGroup;
			children = (
				651F823F2B1F58C600A71F15 /* app.app */,
				651F82452B1F58C600A71F15 /* app Watch App.app */,
				651F82572B1F58C900A71F15 /* app Watch AppTests.xctest */,
				651F82612B1F58C900A71F15 /* app Watch AppUITests.xctest */,
			);
			name = Products;
			sourceTree = "<group>";
		};
		651F82492B1F58C600A71F15 /* app Watch App */ = {
			isa = PBXGroup;
			children = (
				651F824A2B1F58C600A71F15 /* appApp.swift */,
				651F824C2B1F58C600A71F15 /* ContentView.swift */,
				651F824E2B1F58C900A71F15 /* Assets.xcassets */,
				651F82502B1F58C900A71F15 /* Preview Content */,
			);
			path = "app Watch App";
			sourceTree = "<group>";
		};
		651F82502B1F58C900A71F15 /* Preview Content */ = {
			isa = PBXGroup;
			children = (
				651F82512B1F58C900A71F15 /* Preview Assets.xcassets */,
			);
			path = "Preview Content";
			sourceTree = "<group>";
		};
		651F825A2B1F58C900A71F15 /* app Watch AppTests */ = {
			isa = PBXGroup;
			children = (
				651F825B2B1F58C900A71F15 /* app_Watch_AppTests.swift */,
			);
			path = "app Watch AppTests";
			sourceTree = "<group>";
		};
		651F82642B1F58C900A71F15 /* app Watch AppUITests */ = {
			isa = PBXGroup;
			children = (
				651F82652B1F58C900A71F15 /* app_Watch_AppUITests.swift */,
				651F82672B1F58C900A71F15 /* app_Watch_AppUITestsLaunchTests.swift */,
			);
			path = "app Watch AppUITests";
			sourceTree = "<group>";
		};
/* End PBXGroup section */

/* Begin PBXNativeTarget section */
		651F823E2B1F58C600A71F15 /* app */ = {
			isa = PBXNativeTarget;
			buildConfigurationList = 651F826F2B1F58C900A71F15 /* Build configuration list for PBXNativeTarget "app" */;
			buildPhases = (
				651F823D2B1F58C600A71F15 /* Resources */,
				651F826E2B1F58C900A71F15 /* Embed Watch Content */,
			);
			buildRules = (
			);
			dependencies = (
				651F82482B1F58C600A71F15 /* PBXTargetDependency */,
			);
			name = app;
			productName = app;
			productReference = 651F823F2B1F58C600A71F15 /* app.app */;
			productType = "com.apple.product-type.application.watchapp2-container";
		};
		651F82442B1F58C600A71F15 /* app Watch App */ = {
			isa = PBXNativeTarget;
			buildConfigurationList = 651F826B2B1F58C900A71F15 /* Build configuration list for PBXNativeTarget "app Watch App" */;
			buildPhases = (
				651F82412B1F58C600A71F15 /* Sources */,
				651F82422B1F58C600A71F15 /* Frameworks */,
				651F82432B1F58C600A71F15 /* Resources */,
			);
			buildRules = (
			);
			dependencies = (
			);
			name = "app Watch App";
			productName = "app Watch App";
			productReference = 651F82452B1F58C600A71F15 /* app Watch App.app */;
			productType = "com.apple.product-type.application";
		};
		651F82562B1F58C900A71F15 /* app Watch AppTests */ = {
			isa = PBXNativeTarget;
			buildConfigurationList = 651F82722B1F58C900A71F15 /* Build configuration list for PBXNativeTarget "app Watch AppTests" */;
			buildPhases = (
				651F82532B1F58C900A71F15 /* Sources */,
				651F82542B1F58C900A71F15 /* Frameworks */,
				651F82552B1F58C900A71F15 /* Resources */,
			);
			buildRules = (
			);
			dependencies = (
				651F82592B1F58C900A71F15 /* PBXTargetDependency */,
			);
			name = "app Watch AppTests";
			productName = "app Watch AppTests";
			productReference = 651F82572B1F58C900A71F15 /* app Watch AppTests.xctest */;
			productType = "com.apple.product-type.bundle.unit-test";
		};
		651F82602B1F58C900A71F15 /* app Watch AppUITests */ = {
			isa = PBXNativeTarget;
			buildConfigurationList = 651F82752B1F58C900A71F15 /* Build configuration list for PBXNativeTarget "app Watch AppUITests" */;
			buildPhases = (
				651F825D2B1F58C900A71F15 /* Sources */,
				651F825E2B1F58C900A71F15 /* Frameworks */,
				651F825F2B1F58C900A71F15 /* Resources */,
			);
			buildRules = (
			);
			dependencies = (
				651F82632B1F58C900A71F15 /* PBXTargetDependency */,
			);
			name = "app Watch AppUITests";
			productName = "app Watch AppUITests";
			productReference = 651F82612B1F58C900A71F15 /* app Watch AppUITests.xctest */;
			productType = "com.apple.product-type.bundle.ui-testing";
		};
/* End PBXNativeTarget section */

/* Begin PBXProject section */
		651F82392B1F58C500A71F15 /* Project object */ = {
			isa = PBXProject;
			attributes = {
				BuildIndependentTargetsInParallel = 1;
				LastSwiftUpdateCheck = 1510;
				LastUpgradeCheck = 1510;
				TargetAttributes = {
					651F823E2B1F58C600A71F15 = {
						CreatedOnToolsVersion = 15.1;
					};
					651F82442B1F58C600A71F15 = {
						CreatedOnToolsVersion = 15.1;
					};
					651F82562B1F58C900A71F15 = {
						CreatedOnToolsVersion = 15.1;
						TestTargetID = 651F82442B1F58C600A71F15;
					};
					651F82602B1F58C900A71F15 = {
						CreatedOnToolsVersion = 15.1;
						TestTargetID = 651F82442B1F58C600A71F15;
					};
				};
			};
			buildConfigurationList = 651F823C2B1F58C500A71F15 /* Build configuration list for PBXProject "app" */;
			compatibilityVersion = "Xcode 14.0";
			developmentRegion = en;
			hasScannedForEncodings = 0;
			knownRegions = (
				en,
				Base,
			);
			mainGroup = 651F82382B1F58C500A71F15;
			productRefGroup = 651F82402B1F58C600A71F15 /* Products */;
			projectDirPath = "";
			projectRoot = "";
			targets = (
				651F823E2B1F58C600A71F15 /* app */,
				651F82442B1F58C600A71F15 /* app Watch App */,
				651F82562B1F58C900A71F15 /* app Watch AppTests */,
				651F82602B1F58C900A71F15 /* app Watch AppUITests */,
			);
		};
/* End PBXProject section */

/* Begin PBXResourcesBuildPhase section */
		651F823D2B1F58C600A71F15 /* Resources */ = {
			isa = PBXResourcesBuildPhase;
			buildActionMask = 2147483647;
			files = (
			);
			runOnlyForDeploymentPostprocessing = 0;
		};
		651F82432B1F58C600A71F15 /* Resources */ = {
			isa = PBXResourcesBuildPhase;
			buildActionMask = 2147483647;
			files = (
				651F82522B1F58C900A71F15 /* Preview Assets.xcassets in Resources */,
				651F824F2B1F58C900A71F15 /* Assets.xcassets in Resources */,
			);
			runOnlyForDeploymentPostprocessing = 0;
		};
		651F82552B1F58C900A71F15 /* Resources */ = {
			isa = PBXResourcesBuildPhase;
			buildActionMask = 2147483647;
			files = (
			);
			runOnlyForDeploymentPostprocessing = 0;
		};
		651F825F2B1F58C900A71F15 /* Resources */ = {
			isa = PBXResourcesBuildPhase;
			buildActionMask = 2147483647;
			files = (
			);
			runOnlyForDeploymentPostprocessing = 0;
		};
/* End PBXResourcesBuildPhase section */

/* Begin PBXSourcesBuildPhase section */
		651F82412B1F58C600A71F15 /* Sources */ = {
			isa = PBXSourcesBuildPhase;
			buildActionMask = 2147483647;
			files = (
				651F824D2B1F58C600A71F15 /* ContentView.swift in Sources */,
				651F824B2B1F58C600A71F15 /* appApp.swift in Sources */,
			);
			runOnlyForDeploymentPostprocessing = 0;
		};
		651F82532B1F58C900A71F15 /* Sources */ = {
			isa = PBXSourcesBuildPhase;
			buildActionMask = 2147483647;
			files = (
				651F825C2B1F58C900A71F15 /* app_Watch_AppTests.swift in Sources */,
			);
			runOnlyForDeploymentPostprocessing = 0;
		};
		651F825D2B1F58C900A71F15 /* Sources */ = {
			isa = PBXSourcesBuildPhase;
			buildActionMask = 2147483647;
			files = (
				651F82682B1F58C900A71F15 /* app_Watch_AppUITestsLaunchTests.swift in Sources */,
				651F82662B1F58C900A71F15 /* app_Watch_AppUITests.swift in Sources */,
			);
			runOnlyForDeploymentPostprocessing = 0;
		};
/* End PBXSourcesBuildPhase section */

/* Begin PBXTargetDependency section */
		651F82482B1F58C600A71F15 /* PBXTargetDependency */ = {
			isa = PBXTargetDependency;
			target = 651F82442B1F58C600A71F15 /* app Watch App */;
			targetProxy = 651F82472B1F58C600A71F15 /* PBXContainerItemProxy */;
		};
		651F82592B1F58C900A71F15 /* PBXTargetDependency */ = {
			isa = PBXTargetDependency;
			target = 651F82442B1F58C600A71F15 /* app Watch App */;
			targetProxy = 651F82582B1F58C900A71F15 /* PBXContainerItemProxy */;
		};
		651F82632B1F58C900A71F15 /* PBXTargetDependency */ = {
			isa = PBXTargetDependency;
			target = 651F82442B1F58C600A71F15 /* app Watch App */;
			targetProxy = 651F82622B1F58C900A71F15 /* PBXContainerItemProxy */;
		};
/* End PBXTargetDependency section */

/* Begin XCBuildConfiguration section */
		651F82692B1F58C900A71F15 /* Debug */ = {
			isa = XCBuildConfiguration;
			buildSettings = {
				ALWAYS_SEARCH_USER_PATHS = NO;
				ASSETCATALOG_COMPILER_GENERATE_SWIFT_ASSET_SYMBOL_EXTENSIONS = YES;
				CLANG_ANALYZER_NONNULL = YES;
				CLANG_ANALYZER_NUMBER_OBJECT_CONVERSION = YES_AGGRESSIVE;
				CLANG_CXX_LANGUAGE_STANDARD = "gnu++20";
				CLANG_ENABLE_MODULES = YES;
				CLANG_ENABLE_OBJC_ARC = YES;
				CLANG_ENABLE_OBJC_WEAK = YES;
				CLANG_WARN_BLOCK_CAPTURE_AUTORELEASING = YES;
				CLANG_WARN_BOOL_CONVERSION = YES;
				CLANG_WARN_COMMA = YES;
				CLANG_WARN_CONSTANT_CONVERSION = YES;
				CLANG_WARN_DEPRECATED_OBJC_IMPLEMENTATIONS = YES;
				CLANG_WARN_DIRECT_OBJC_ISA_USAGE = YES_ERROR;
				CLANG_WARN_DOCUMENTATION_COMMENTS = YES;
				CLANG_WARN_EMPTY_BODY = YES;
				CLANG_WARN_ENUM_CONVERSION = YES;
				CLANG_WARN_INFINITE_RECURSION = YES;
				CLANG_WARN_INT_CONVERSION = YES;
				CLANG_WARN_NON_LITERAL_NULL_CONVERSION = YES;
				CLANG_WARN_OBJC_IMPLICIT_RETAIN_SELF = YES;
				CLANG_WARN_OBJC_LITERAL_CONVERSION = YES;
				CLANG_WARN_OBJC_ROOT_CLASS = YES_ERROR;
				CLANG_WARN_QUOTED_INCLUDE_IN_FRAMEWORK_HEADER = YES;
				CLANG_WARN_RANGE_LOOP_ANALYSIS = YES;
				CLANG_WARN_STRICT_PROTOTYPES = YES;
				CLANG_WARN_SUSPICIOUS_MOVE = YES;
				CLANG_WARN_UNGUARDED_AVAILABILITY = YES_AGGRESSIVE;
				CLANG_WARN_UNREACHABLE_CODE = YES;
				CLANG_WARN__DUPLICATE_METHOD_MATCH = YES;
				COPY_PHASE_STRIP = NO;
				DEBUG_INFORMATION_FORMAT = dwarf;
				ENABLE_STRICT_OBJC_MSGSEND = YES;
				ENABLE_TESTABILITY = YES;
				ENABLE_USER_SCRIPT_SANDBOXING = YES;
				GCC_C_LANGUAGE_STANDARD = gnu17;
				GCC_DYNAMIC_NO_PIC = NO;
				GCC_NO_COMMON_BLOCKS = YES;
				GCC_OPTIMIZATION_LEVEL = 0;
				GCC_PREPROCESSOR_DEFINITIONS = (
					"DEBUG=1",
					"$(inherited)",
				);
				GCC_WARN_64_TO_32_BIT_CONVERSION = YES;
				GCC_WARN_ABOUT_RETURN_TYPE = YES_ERROR;
				GCC_WARN_UNDECLARED_SELECTOR = YES;
				GCC_WARN_UNINITIALIZED_AUTOS = YES_AGGRESSIVE;
				GCC_WARN_UNUSED_FUNCTION = YES;
				GCC_WARN_UNUSED_VARIABLE = YES;
				LOCALIZATION_PREFERS_STRING_CATALOGS = YES;
				MTL_ENABLE_DEBUG_INFO = INCLUDE_SOURCE;
				MTL_FAST_MATH = YES;
				ONLY_ACTIVE_ARCH = YES;
				SWIFT_ACTIVE_COMPILATION_CONDITIONS = "DEBUG $(inherited)";
				SWIFT_OPTIMIZATION_LEVEL = "-Onone";
			};
			name = Debug;
		};
		651F826A2B1F58C900A71F15 /* Release */ = {
			isa = XCBuildConfiguration;
			buildSettings = {
				ALWAYS_SEARCH_USER_PATHS = NO;
				ASSETCATALOG_COMPILER_GENERATE_SWIFT_ASSET_SYMBOL_EXTENSIONS = YES;
				CLANG_ANALYZER_NONNULL = YES;
				CLANG_ANALYZER_NUMBER_OBJECT_CONVERSION = YES_AGGRESSIVE;
				CLANG_CXX_LANGUAGE_STANDARD = "gnu++20";
				CLANG_ENABLE_MODULES = YES;
				CLANG_ENABLE_OBJC_ARC = YES;
				CLANG_ENABLE_OBJC_WEAK = YES;
				CLANG_WARN_BLOCK_CAPTURE_AUTORELEASING = YES;
				CLANG_WARN_BOOL_CONVERSION = YES;
				CLANG_WARN_COMMA = YES;
				CLANG_WARN_CONSTANT_CONVERSION = YES;
				CLANG_WARN_DEPRECATED_OBJC_IMPLEMENTATIONS = YES;
				CLANG_WARN_DIRECT_OBJC_ISA_USAGE = YES_ERROR;
				CLANG_WARN_DOCUMENTATION_COMMENTS = YES;
				CLANG_WARN_EMPTY_BODY = YES;
				CLANG_WARN_ENUM_CONVERSION = YES;
				CLANG_WARN_INFINITE_RECURSION = YES;
				CLANG_WARN_INT_CONVERSION = YES;
				CLANG_WARN_NON_LITERAL_NULL_CONVERSION = YES;
				CLANG_WARN_OBJC_IMPLICIT_RETAIN_SELF = YES;
				CLANG_WARN_OBJC_LITERAL_CONVERSION = YES;
				CLANG_WARN_OBJC_ROOT_CLASS = YES_ERROR;
				CLANG_WARN_QUOTED_INCLUDE_IN_FRAMEWORK_HEADER = YES;
				CLANG_WARN_RANGE_LOOP_ANALYSIS = YES;
				CLANG_WARN_STRICT_PROTOTYPES = YES;
				CLANG_WARN_SUSPICIOUS_MOVE = YES;
				CLANG_WARN_UNGUARDED_AVAILABILITY = YES_AGGRESSIVE;
				CLANG_WARN_UNREACHABLE_CODE = YES;
				CLANG_WARN__DUPLICATE_METHOD_MATCH = YES;
				COPY_PHASE_STRIP = NO;
				DEBUG_INFORMATION_FORMAT = "dwarf-with-dsym";
				ENABLE_NS_ASSERTIONS = NO;
				ENABLE_STRICT_OBJC_MSGSEND = YES;
				ENABLE_USER_SCRIPT_SANDBOXING = YES;
				GCC_C_LANGUAGE_STANDARD = gnu17;
				GCC_NO_COMMON_BLOCKS = YES;
				GCC_WARN_64_TO_32_BIT_CONVERSION = YES;
				GCC_WARN_ABOUT_RETURN_TYPE = YES_ERROR;
				GCC_WARN_UNDECLARED_SELECTOR = YES;
				GCC_WARN_UNINITIALIZED_AUTOS = YES_AGGRESSIVE;
				GCC_WARN_UNUSED_FUNCTION = YES;
				GCC_WARN_UNUSED_VARIABLE = YES;
				LOCALIZATION_PREFERS_STRING_CATALOGS = YES;
				MTL_ENABLE_DEBUG_INFO = NO;
				MTL_FAST_MATH = YES;
				SWIFT_COMPILATION_MODE = wholemodule;
			};
			name = Release;
		};
		651F826C2B1F58C900A71F15 /* Debug */ = {
			isa = XCBuildConfiguration;
			buildSettings = {
				ASSETCATALOG_COMPILER_APPICON_NAME = AppIcon;
				ASSETCATALOG_COMPILER_GLOBAL_ACCENT_COLOR_NAME = AccentColor;
				CODE_SIGN_STYLE = Automatic;
				CURRENT_PROJECT_VERSION = 1;
				DEVELOPMENT_ASSET_PATHS = "\"app Watch App/Preview Content\"";
				ENABLE_PREVIEWS = YES;
				GENERATE_INFOPLIST_FILE = YES;
				INFOPLIST_KEY_CFBundleDisplayName = app;
				INFOPLIST_KEY_UISupportedInterfaceOrientations = "UIInterfaceOrientationPortrait UIInterfaceOrientationPortraitUpsideDown";
				INFOPLIST_KEY_WKWatchOnly = YES;
				LD_RUNPATH_SEARCH_PATHS = (
					"$(inherited)",
					"@executable_path/Frameworks",
				);
				MARKETING_VERSION = 1.0;
				PRODUCT_BUNDLE_IDENTIFIER = severeduck.app.watchkitapp;
				PRODUCT_NAME = "$(TARGET_NAME)";
				SDKROOT = watchos;
				SKIP_INSTALL = YES;
				SWIFT_EMIT_LOC_STRINGS = YES;
				SWIFT_VERSION = 5.0;
				TARGETED_DEVICE_FAMILY = 4;
				WATCHOS_DEPLOYMENT_TARGET = 10.2;
			};
			name = Debug;
		};
		651F826D2B1F58C900A71F15 /* Release */ = {
			isa = XCBuildConfiguration;
			buildSettings = {
				ASSETCATALOG_COMPILER_APPICON_NAME = AppIcon;
				ASSETCATALOG_COMPILER_GLOBAL_ACCENT_COLOR_NAME = AccentColor;
				CODE_SIGN_STYLE = Automatic;
				CURRENT_PROJECT_VERSION = 1;
				DEVELOPMENT_ASSET_PATHS = "\"app Watch App/Preview Content\"";
				ENABLE_PREVIEWS = YES;
				GENERATE_INFOPLIST_FILE = YES;
				INFOPLIST_KEY_CFBundleDisplayName = app;
				INFOPLIST_KEY_UISupportedInterfaceOrientations = "UIInterfaceOrientationPortrait UIInterfaceOrientationPortraitUpsideDown";
				INFOPLIST_KEY_WKWatchOnly = YES;
				LD_RUNPATH_SEARCH_PATHS = (
					"$(inherited)",
					"@executable_path/Frameworks",
				);
				MARKETING_VERSION = 1.0;
				PRODUCT_BUNDLE_IDENTIFIER = severeduck.app.watchkitapp;
				PRODUCT_NAME = "$(TARGET_NAME)";
				SDKROOT = watchos;
				SKIP_INSTALL = YES;
				SWIFT_EMIT_LOC_STRINGS = YES;
				SWIFT_VERSION = 5.0;
				TARGETED_DEVICE_FAMILY = 4;
				VALIDATE_PRODUCT = YES;
				WATCHOS_DEPLOYMENT_TARGET = 10.2;
			};
			name = Release;
		};
		651F82702B1F58C900A71F15 /* Debug */ = {
			isa = XCBuildConfiguration;
			buildSettings = {
				ALWAYS_EMBED_SWIFT_STANDARD_LIBRARIES = YES;
				CODE_SIGN_STYLE = Automatic;
				CURRENT_PROJECT_VERSION = 1;
				INFOPLIST_KEY_CFBundleDisplayName = app;
				MARKETING_VERSION = 1.0;
				PRODUCT_BUNDLE_IDENTIFIER = severeduck.app;
				PRODUCT_NAME = "$(TARGET_NAME)";
				SDKROOT = iphoneos;
				SWIFT_VERSION = 5.0;
			};
			name = Debug;
		};
		651F82712B1F58C900A71F15 /* Release */ = {
			isa = XCBuildConfiguration;
			buildSettings = {
				ALWAYS_EMBED_SWIFT_STANDARD_LIBRARIES = YES;
				CODE_SIGN_STYLE = Automatic;
				CURRENT_PROJECT_VERSION = 1;
				INFOPLIST_KEY_CFBundleDisplayName = app;
				MARKETING_VERSION = 1.0;
				PRODUCT_BUNDLE_IDENTIFIER = severeduck.app;
				PRODUCT_NAME = "$(TARGET_NAME)";
				SDKROOT = iphoneos;
				SWIFT_VERSION = 5.0;
				VALIDATE_PRODUCT = YES;
			};
			name = Release;
		};
		651F82732B1F58C900A71F15 /* Debug */ = {
			isa = XCBuildConfiguration;
			buildSettings = {
				ALWAYS_EMBED_SWIFT_STANDARD_LIBRARIES = YES;
				BUNDLE_LOADER = "$(TEST_HOST)";
				CODE_SIGN_STYLE = Automatic;
				CURRENT_PROJECT_VERSION = 1;
				GENERATE_INFOPLIST_FILE = YES;
				MARKETING_VERSION = 1.0;
				PRODUCT_BUNDLE_IDENTIFIER = "severeduck.app-Watch-AppTests";
				PRODUCT_NAME = "$(TARGET_NAME)";
				SDKROOT = watchos;
				SWIFT_EMIT_LOC_STRINGS = NO;
				SWIFT_VERSION = 5.0;
				TARGETED_DEVICE_FAMILY = 4;
				TEST_HOST = "$(BUILT_PRODUCTS_DIR)/app Watch App.app/$(BUNDLE_EXECUTABLE_FOLDER_PATH)/app Watch App";
				WATCHOS_DEPLOYMENT_TARGET = 10.2;
			};
			name = Debug;
		};
		651F82742B1F58C900A71F15 /* Release */ = {
			isa = XCBuildConfiguration;
			buildSettings = {
				ALWAYS_EMBED_SWIFT_STANDARD_LIBRARIES = YES;
				BUNDLE_LOADER = "$(TEST_HOST)";
				CODE_SIGN_STYLE = Automatic;
				CURRENT_PROJECT_VERSION = 1;
				GENERATE_INFOPLIST_FILE = YES;
				MARKETING_VERSION = 1.0;
				PRODUCT_BUNDLE_IDENTIFIER = "severeduck.app-Watch-AppTests";
				PRODUCT_NAME = "$(TARGET_NAME)";
				SDKROOT = watchos;
				SWIFT_EMIT_LOC_STRINGS = NO;
				SWIFT_VERSION = 5.0;
				TARGETED_DEVICE_FAMILY = 4;
				TEST_HOST = "$(BUILT_PRODUCTS_DIR)/app Watch App.app/$(BUNDLE_EXECUTABLE_FOLDER_PATH)/app Watch App";
				VALIDATE_PRODUCT = YES;
				WATCHOS_DEPLOYMENT_TARGET = 10.2;
			};
			name = Release;
		};
		651F82762B1F58C900A71F15 /* Debug */ = {
			isa = XCBuildConfiguration;
			buildSettings = {
				ALWAYS_EMBED_SWIFT_STANDARD_LIBRARIES = YES;
				CODE_SIGN_STYLE = Automatic;
				CURRENT_PROJECT_VERSION = 1;
				GENERATE_INFOPLIST_FILE = YES;
				MARKETING_VERSION = 1.0;
				PRODUCT_BUNDLE_IDENTIFIER = "severeduck.app-Watch-AppUITests";
				PRODUCT_NAME = "$(TARGET_NAME)";
				SDKROOT = watchos;
				SWIFT_EMIT_LOC_STRINGS = NO;
				SWIFT_VERSION = 5.0;
				TARGETED_DEVICE_FAMILY = 4;
				TEST_TARGET_NAME = "app Watch App";
				WATCHOS_DEPLOYMENT_TARGET = 10.2;
			};
			name = Debug;
		};
		651F82772B1F58C900A71F15 /* Release */ = {
			isa = XCBuildConfiguration;
			buildSettings = {
				ALWAYS_EMBED_SWIFT_STANDARD_LIBRARIES = YES;
				CODE_SIGN_STYLE = Automatic;
				CURRENT_PROJECT_VERSION = 1;
				GENERATE_INFOPLIST_FILE = YES;
				MARKETING_VERSION = 1.0;
				PRODUCT_BUNDLE_IDENTIFIER = "severeduck.app-Watch-AppUITests";
				PRODUCT_NAME = "$(TARGET_NAME)";
				SDKROOT = watchos;
				SWIFT_EMIT_LOC_STRINGS = NO;
				SWIFT_VERSION = 5.0;
				TARGETED_DEVICE_FAMILY = 4;
				TEST_TARGET_NAME = "app Watch App";
				VALIDATE_PRODUCT = YES;
				WATCHOS_DEPLOYMENT_TARGET = 10.2;
			};
			name = Release;
		};
/* End XCBuildConfiguration section */

/* Begin XCConfigurationList section */
		651F823C2B1F58C500A71F15 /* Build configuration list for PBXProject "app" */ = {
			isa = XCConfigurationList;
			buildConfigurations = (
				651F82692B1F58C900A71F15 /* Debug */,
				651F826A2B1F58C900A71F15 /* Release */,
			);
			defaultConfigurationIsVisible = 0;
			defaultConfigurationName = Release;
		};
		651F826B2B1F58C900A71F15 /* Build configuration list for PBXNativeTarget "app Watch App" */ = {
			isa = XCConfigurationList;
			buildConfigurations = (
				651F826C2B1F58C900A71F15 /* Debug */,
				651F826D2B1F58C900A71F15 /* Release */,
			);
			defaultConfigurationIsVisible = 0;
			defaultConfigurationName = Release;
		};
		651F826F2B1F58C900A71F15 /* Build configuration list for PBXNativeTarget "app" */ = {
			isa = XCConfigurationList;
			buildConfigurations = (
				651F82702B1F58C900A71F15 /* Debug */,
				651F82712B1F58C900A71F15 /* Release */,
			);
			defaultConfigurationIsVisible = 0;
			defaultConfigurationName = Release;
		};
		651F82722B1F58C900A71F15 /* Build configuration list for PBXNativeTarget "app Watch AppTests" */ = {
			isa = XCConfigurationList;
			buildConfigurations = (
				651F82732B1F58C900A71F15 /* Debug */,
				651F82742B1F58C900A71F15 /* Release */,
			);
			defaultConfigurationIsVisible = 0;
			defaultConfigurationName = Release;
		};
		651F82752B1F58C900A71F15 /* Build configuration list for PBXNativeTarget "app Watch AppUITests" */ = {
			isa = XCConfigurationList;
			buildConfigurations = (
				651F82762B1F58C900A71F15 /* Debug */,
				651F82772B1F58C900A71F15 /* Release */,
			);
			defaultConfigurationIsVisible = 0;
			defaultConfigurationName = Release;
		};
/* End XCConfigurationList section */
	};
	rootObject = 651F82392B1F58C500A71F15 /* Project object */;
}
